// !$*UTF8*$!
{
	archiveVersion = 1;
	classes = {
	};
	objectVersion = 56;
	objects = {

/* Begin PBXBuildFile section */
		891C48812B7986CF00840685 /* PotionsMasterApp.swift in Sources */ = {isa = PBXBuildFile; fileRef = 891C48802B7986CF00840685 /* PotionsMasterApp.swift */; };
		891C48832B7986CF00840685 /* ContentView.swift in Sources */ = {isa = PBXBuildFile; fileRef = 891C48822B7986CF00840685 /* ContentView.swift */; };
		891C48852B7986D000840685 /* Assets.xcassets in Resources */ = {isa = PBXBuildFile; fileRef = 891C48842B7986D000840685 /* Assets.xcassets */; };
		891C48882B7986D000840685 /* Preview Assets.xcassets in Resources */ = {isa = PBXBuildFile; fileRef = 891C48872B7986D000840685 /* Preview Assets.xcassets */; };
		891C48912B79875800840685 /* Ingredient.swift in Sources */ = {isa = PBXBuildFile; fileRef = 891C48902B79875800840685 /* Ingredient.swift */; };
		891C48932B7987D800840685 /* IngredientMock.swift in Sources */ = {isa = PBXBuildFile; fileRef = 891C48922B7987D800840685 /* IngredientMock.swift */; };
		891C48952B79882D00840685 /* IngredientFormView.swift in Sources */ = {isa = PBXBuildFile; fileRef = 891C48942B79882D00840685 /* IngredientFormView.swift */; };
		891C48972B798BD100840685 /* IngredientRow.swift in Sources */ = {isa = PBXBuildFile; fileRef = 891C48962B798BD100840685 /* IngredientRow.swift */; };
		891C48992B7A7A9E00840685 /* IngredientListView.swift in Sources */ = {isa = PBXBuildFile; fileRef = 891C48982B7A7A9E00840685 /* IngredientListView.swift */; };
/* End PBXBuildFile section */

/* Begin PBXFileReference section */
		891C487D2B7986CF00840685 /* PotionsMaster.app */ = {isa = PBXFileReference; explicitFileType = wrapper.application; includeInIndex = 0; path = PotionsMaster.app; sourceTree = BUILT_PRODUCTS_DIR; };
		891C48802B7986CF00840685 /* PotionsMasterApp.swift */ = {isa = PBXFileReference; lastKnownFileType = sourcecode.swift; path = PotionsMasterApp.swift; sourceTree = "<group>"; };
		891C48822B7986CF00840685 /* ContentView.swift */ = {isa = PBXFileReference; lastKnownFileType = sourcecode.swift; path = ContentView.swift; sourceTree = "<group>"; };
		891C48842B7986D000840685 /* Assets.xcassets */ = {isa = PBXFileReference; lastKnownFileType = folder.assetcatalog; path = Assets.xcassets; sourceTree = "<group>"; };
		891C48872B7986D000840685 /* Preview Assets.xcassets */ = {isa = PBXFileReference; lastKnownFileType = folder.assetcatalog; path = "Preview Assets.xcassets"; sourceTree = "<group>"; };
		891C48902B79875800840685 /* Ingredient.swift */ = {isa = PBXFileReference; lastKnownFileType = sourcecode.swift; path = Ingredient.swift; sourceTree = "<group>"; };
		891C48922B7987D800840685 /* IngredientMock.swift */ = {isa = PBXFileReference; lastKnownFileType = sourcecode.swift; path = IngredientMock.swift; sourceTree = "<group>"; };
		891C48942B79882D00840685 /* IngredientFormView.swift */ = {isa = PBXFileReference; lastKnownFileType = sourcecode.swift; path = IngredientFormView.swift; sourceTree = "<group>"; };
		891C48962B798BD100840685 /* IngredientRow.swift */ = {isa = PBXFileReference; lastKnownFileType = sourcecode.swift; path = IngredientRow.swift; sourceTree = "<group>"; };
		891C48982B7A7A9E00840685 /* IngredientListView.swift */ = {isa = PBXFileReference; lastKnownFileType = sourcecode.swift; path = IngredientListView.swift; sourceTree = "<group>"; };
		891C489A2B7A845200840685 /* Info.plist */ = {isa = PBXFileReference; lastKnownFileType = text.plist; path = Info.plist; sourceTree = "<group>"; };
/* End PBXFileReference section */

/* Begin PBXFrameworksBuildPhase section */
		891C487A2B7986CF00840685 /* Frameworks */ = {
			isa = PBXFrameworksBuildPhase;
			buildActionMask = 2147483647;
			files = (
			);
			runOnlyForDeploymentPostprocessing = 0;
		};
/* End PBXFrameworksBuildPhase section */

/* Begin PBXGroup section */
		891C48742B7986CF00840685 = {
			isa = PBXGroup;
			children = (
				891C487F2B7986CF00840685 /* PotionsMaster */,
				891C487E2B7986CF00840685 /* Products */,
			);
			sourceTree = "<group>";
		};
		891C487E2B7986CF00840685 /* Products */ = {
			isa = PBXGroup;
			children = (
				891C487D2B7986CF00840685 /* PotionsMaster.app */,
			);
			name = Products;
			sourceTree = "<group>";
		};
		891C487F2B7986CF00840685 /* PotionsMaster */ = {
			isa = PBXGroup;
			children = (
				891C489A2B7A845200840685 /* Info.plist */,
				891C488F2B79874500840685 /* Views */,
				891C488E2B79873700840685 /* Models */,
				891C48802B7986CF00840685 /* PotionsMasterApp.swift */,
				891C48822B7986CF00840685 /* ContentView.swift */,
				891C48842B7986D000840685 /* Assets.xcassets */,
				891C48862B7986D000840685 /* Preview Content */,
			);
			path = PotionsMaster;
			sourceTree = "<group>";
		};
		891C48862B7986D000840685 /* Preview Content */ = {
			isa = PBXGroup;
			children = (
				891C48872B7986D000840685 /* Preview Assets.xcassets */,
			);
			path = "Preview Content";
			sourceTree = "<group>";
		};
		891C488E2B79873700840685 /* Models */ = {
			isa = PBXGroup;
			children = (
				891C48902B79875800840685 /* Ingredient.swift */,
				891C48922B7987D800840685 /* IngredientMock.swift */,
			);
			path = Models;
			sourceTree = "<group>";
		};
		891C488F2B79874500840685 /* Views */ = {
			isa = PBXGroup;
			children = (
				891C48942B79882D00840685 /* IngredientFormView.swift */,
				891C48962B798BD100840685 /* IngredientRow.swift */,
				891C48982B7A7A9E00840685 /* IngredientListView.swift */,
			);
			path = Views;
			sourceTree = "<group>";
		};
/* End PBXGroup section */

/* Begin PBXNativeTarget section */
		891C487C2B7986CF00840685 /* PotionsMaster */ = {
			isa = PBXNativeTarget;
			buildConfigurationList = 891C488B2B7986D000840685 /* Build configuration list for PBXNativeTarget "PotionsMaster" */;
			buildPhases = (
				891C48792B7986CF00840685 /* Sources */,
				891C487A2B7986CF00840685 /* Frameworks */,
				891C487B2B7986CF00840685 /* Resources */,
			);
			buildRules = (
			);
			dependencies = (
			);
			name = PotionsMaster;
			productName = PotionsMaster;
			productReference = 891C487D2B7986CF00840685 /* PotionsMaster.app */;
			productType = "com.apple.product-type.application";
		};
/* End PBXNativeTarget section */

/* Begin PBXProject section */
		891C48752B7986CF00840685 /* Project object */ = {
			isa = PBXProject;
			attributes = {
				BuildIndependentTargetsInParallel = 1;
				LastSwiftUpdateCheck = 1530;
				LastUpgradeCheck = 1530;
				TargetAttributes = {
					891C487C2B7986CF00840685 = {
						CreatedOnToolsVersion = 15.3;
					};
				};
			};
			buildConfigurationList = 891C48782B7986CF00840685 /* Build configuration list for PBXProject "PotionsMaster" */;
			compatibilityVersion = "Xcode 14.0";
			developmentRegion = en;
			hasScannedForEncodings = 0;
			knownRegions = (
				en,
				Base,
			);
			mainGroup = 891C48742B7986CF00840685;
			productRefGroup = 891C487E2B7986CF00840685 /* Products */;
			projectDirPath = "";
			projectRoot = "";
			targets = (
				891C487C2B7986CF00840685 /* PotionsMaster */,
			);
		};
/* End PBXProject section */

/* Begin PBXResourcesBuildPhase section */
		891C487B2B7986CF00840685 /* Resources */ = {
			isa = PBXResourcesBuildPhase;
			buildActionMask = 2147483647;
			files = (
				891C48882B7986D000840685 /* Preview Assets.xcassets in Resources */,
				891C48852B7986D000840685 /* Assets.xcassets in Resources */,
			);
			runOnlyForDeploymentPostprocessing = 0;
		};
/* End PBXResourcesBuildPhase section */

/* Begin PBXSourcesBuildPhase section */
		891C48792B7986CF00840685 /* Sources */ = {
			isa = PBXSourcesBuildPhase;
			buildActionMask = 2147483647;
			files = (
				891C48832B7986CF00840685 /* ContentView.swift in Sources */,
				891C48812B7986CF00840685 /* PotionsMasterApp.swift in Sources */,
				891C48932B7987D800840685 /* IngredientMock.swift in Sources */,
				891C48972B798BD100840685 /* IngredientRow.swift in Sources */,
				891C48952B79882D00840685 /* IngredientFormView.swift in Sources */,
				891C48992B7A7A9E00840685 /* IngredientListView.swift in Sources */,
				891C48912B79875800840685 /* Ingredient.swift in Sources */,
			);
			runOnlyForDeploymentPostprocessing = 0;
		};
/* End PBXSourcesBuildPhase section */

/* Begin XCBuildConfiguration section */
		891C48892B7986D000840685 /* Debug */ = {
			isa = XCBuildConfiguration;
			buildSettings = {
				ALWAYS_SEARCH_USER_PATHS = NO;
				ASSETCATALOG_COMPILER_GENERATE_SWIFT_ASSET_SYMBOL_EXTENSIONS = YES;
				CLANG_ANALYZER_NONNULL = YES;
				CLANG_ANALYZER_NUMBER_OBJECT_CONVERSION = YES_AGGRESSIVE;
				CLANG_CXX_LANGUAGE_STANDARD = "gnu++20";
				CLANG_ENABLE_MODULES = YES;
				CLANG_ENABLE_OBJC_ARC = YES;
				CLANG_ENABLE_OBJC_WEAK = YES;
				CLANG_WARN_BLOCK_CAPTURE_AUTORELEASING = YES;
				CLANG_WARN_BOOL_CONVERSION = YES;
				CLANG_WARN_COMMA = YES;
				CLANG_WARN_CONSTANT_CONVERSION = YES;
				CLANG_WARN_DEPRECATED_OBJC_IMPLEMENTATIONS = YES;
				CLANG_WARN_DIRECT_OBJC_ISA_USAGE = YES_ERROR;
				CLANG_WARN_DOCUMENTATION_COMMENTS = YES;
				CLANG_WARN_EMPTY_BODY = YES;
				CLANG_WARN_ENUM_CONVERSION = YES;
				CLANG_WARN_INFINITE_RECURSION = YES;
				CLANG_WARN_INT_CONVERSION = YES;
				CLANG_WARN_NON_LITERAL_NULL_CONVERSION = YES;
				CLANG_WARN_OBJC_IMPLICIT_RETAIN_SELF = YES;
				CLANG_WARN_OBJC_LITERAL_CONVERSION = YES;
				CLANG_WARN_OBJC_ROOT_CLASS = YES_ERROR;
				CLANG_WARN_QUOTED_INCLUDE_IN_FRAMEWORK_HEADER = YES;
				CLANG_WARN_RANGE_LOOP_ANALYSIS = YES;
				CLANG_WARN_STRICT_PROTOTYPES = YES;
				CLANG_WARN_SUSPICIOUS_MOVE = YES;
				CLANG_WARN_UNGUARDED_AVAILABILITY = YES_AGGRESSIVE;
				CLANG_WARN_UNREACHABLE_CODE = YES;
				CLANG_WARN__DUPLICATE_METHOD_MATCH = YES;
				COPY_PHASE_STRIP = NO;
				DEBUG_INFORMATION_FORMAT = dwarf;
				ENABLE_STRICT_OBJC_MSGSEND = YES;
				ENABLE_TESTABILITY = YES;
				ENABLE_USER_SCRIPT_SANDBOXING = YES;
				GCC_C_LANGUAGE_STANDARD = gnu17;
				GCC_DYNAMIC_NO_PIC = NO;
				GCC_NO_COMMON_BLOCKS = YES;
				GCC_OPTIMIZATION_LEVEL = 0;
				GCC_PREPROCESSOR_DEFINITIONS = (
					"DEBUG=1",
					"$(inherited)",
				);
				GCC_WARN_64_TO_32_BIT_CONVERSION = YES;
				GCC_WARN_ABOUT_RETURN_TYPE = YES_ERROR;
				GCC_WARN_UNDECLARED_SELECTOR = YES;
				GCC_WARN_UNINITIALIZED_AUTOS = YES_AGGRESSIVE;
				GCC_WARN_UNUSED_FUNCTION = YES;
				GCC_WARN_UNUSED_VARIABLE = YES;
				IPHONEOS_DEPLOYMENT_TARGET = 17.4;
				LOCALIZATION_PREFERS_STRING_CATALOGS = YES;
				MTL_ENABLE_DEBUG_INFO = INCLUDE_SOURCE;
				MTL_FAST_MATH = YES;
				ONLY_ACTIVE_ARCH = YES;
				SDKROOT = iphoneos;
				SWIFT_ACTIVE_COMPILATION_CONDITIONS = "DEBUG $(inherited)";
				SWIFT_OPTIMIZATION_LEVEL = "-Onone";
			};
			name = Debug;
		};
		891C488A2B7986D000840685 /* Release */ = {
			isa = XCBuildConfiguration;
			buildSettings = {
				ALWAYS_SEARCH_USER_PATHS = NO;
				ASSETCATALOG_COMPILER_GENERATE_SWIFT_ASSET_SYMBOL_EXTENSIONS = YES;
				CLANG_ANALYZER_NONNULL = YES;
				CLANG_ANALYZER_NUMBER_OBJECT_CONVERSION = YES_AGGRESSIVE;
				CLANG_CXX_LANGUAGE_STANDARD = "gnu++20";
				CLANG_ENABLE_MODULES = YES;
				CLANG_ENABLE_OBJC_ARC = YES;
				CLANG_ENABLE_OBJC_WEAK = YES;
				CLANG_WARN_BLOCK_CAPTURE_AUTORELEASING = YES;
				CLANG_WARN_BOOL_CONVERSION = YES;
				CLANG_WARN_COMMA = YES;
				CLANG_WARN_CONSTANT_CONVERSION = YES;
				CLANG_WARN_DEPRECATED_OBJC_IMPLEMENTATIONS = YES;
				CLANG_WARN_DIRECT_OBJC_ISA_USAGE = YES_ERROR;
				CLANG_WARN_DOCUMENTATION_COMMENTS = YES;
				CLANG_WARN_EMPTY_BODY = YES;
				CLANG_WARN_ENUM_CONVERSION = YES;
				CLANG_WARN_INFINITE_RECURSION = YES;
				CLANG_WARN_INT_CONVERSION = YES;
				CLANG_WARN_NON_LITERAL_NULL_CONVERSION = YES;
				CLANG_WARN_OBJC_IMPLICIT_RETAIN_SELF = YES;
				CLANG_WARN_OBJC_LITERAL_CONVERSION = YES;
				CLANG_WARN_OBJC_ROOT_CLASS = YES_ERROR;
				CLANG_WARN_QUOTED_INCLUDE_IN_FRAMEWORK_HEADER = YES;
				CLANG_WARN_RANGE_LOOP_ANALYSIS = YES;
				CLANG_WARN_STRICT_PROTOTYPES = YES;
				CLANG_WARN_SUSPICIOUS_MOVE = YES;
				CLANG_WARN_UNGUARDED_AVAILABILITY = YES_AGGRESSIVE;
				CLANG_WARN_UNREACHABLE_CODE = YES;
				CLANG_WARN__DUPLICATE_METHOD_MATCH = YES;
				COPY_PHASE_STRIP = NO;
				DEBUG_INFORMATION_FORMAT = "dwarf-with-dsym";
				ENABLE_NS_ASSERTIONS = NO;
				ENABLE_STRICT_OBJC_MSGSEND = YES;
				ENABLE_USER_SCRIPT_SANDBOXING = YES;
				GCC_C_LANGUAGE_STANDARD = gnu17;
				GCC_NO_COMMON_BLOCKS = YES;
				GCC_WARN_64_TO_32_BIT_CONVERSION = YES;
				GCC_WARN_ABOUT_RETURN_TYPE = YES_ERROR;
				GCC_WARN_UNDECLARED_SELECTOR = YES;
				GCC_WARN_UNINITIALIZED_AUTOS = YES_AGGRESSIVE;
				GCC_WARN_UNUSED_FUNCTION = YES;
				GCC_WARN_UNUSED_VARIABLE = YES;
				IPHONEOS_DEPLOYMENT_TARGET = 17.4;
				LOCALIZATION_PREFERS_STRING_CATALOGS = YES;
				MTL_ENABLE_DEBUG_INFO = NO;
				MTL_FAST_MATH = YES;
				SDKROOT = iphoneos;
				SWIFT_COMPILATION_MODE = wholemodule;
				VALIDATE_PRODUCT = YES;
			};
			name = Release;
		};
		891C488C2B7986D000840685 /* Debug */ = {
			isa = XCBuildConfiguration;
			buildSettings = {
				ASSETCATALOG_COMPILER_APPICON_NAME = AppIcon;
				ASSETCATALOG_COMPILER_GLOBAL_ACCENT_COLOR_NAME = AccentColor;
				CODE_SIGN_STYLE = Automatic;
				CURRENT_PROJECT_VERSION = 1;
				DEVELOPMENT_ASSET_PATHS = "\"PotionsMaster/Preview Content\"";
				DEVELOPMENT_TEAM = 7A23R2B872;
				ENABLE_PREVIEWS = YES;
				GENERATE_INFOPLIST_FILE = YES;
				INFOPLIST_FILE = PotionsMaster/Info.plist;
				INFOPLIST_KEY_UIApplicationSceneManifest_Generation = YES;
				INFOPLIST_KEY_UIApplicationSupportsIndirectInputEvents = YES;
				INFOPLIST_KEY_UISupportedInterfaceOrientations_iPad = "UIInterfaceOrientationPortrait UIInterfaceOrientationPortraitUpsideDown UIInterfaceOrientationLandscapeLeft UIInterfaceOrientationLandscapeRight";
				INFOPLIST_KEY_UISupportedInterfaceOrientations_iPhone = "UIInterfaceOrientationPortrait UIInterfaceOrientationLandscapeLeft UIInterfaceOrientationLandscapeRight";
				IPHONEOS_DEPLOYMENT_TARGET = 17.0;
				LD_RUNPATH_SEARCH_PATHS = (
					"$(inherited)",
					"@executable_path/Frameworks",
				);
				MARKETING_VERSION = 1.0;
				PRODUCT_BUNDLE_IDENTIFIER = com.christopherbell.PotionsMaster;
				PRODUCT_NAME = "$(TARGET_NAME)";
				SWIFT_EMIT_LOC_STRINGS = YES;
				SWIFT_VERSION = 5.0;
				TARGETED_DEVICE_FAMILY = "1,2";
			};
			name = Debug;
		};
		891C488D2B7986D000840685 /* Release */ = {
			isa = XCBuildConfiguration;
			buildSettings = {
				ASSETCATALOG_COMPILER_APPICON_NAME = AppIcon;
				ASSETCATALOG_COMPILER_GLOBAL_ACCENT_COLOR_NAME = AccentColor;
				CODE_SIGN_STYLE = Automatic;
				CURRENT_PROJECT_VERSION = 1;
				DEVELOPMENT_ASSET_PATHS = "\"PotionsMaster/Preview Content\"";
				DEVELOPMENT_TEAM = 7A23R2B872;
				ENABLE_PREVIEWS = YES;
				GENERATE_INFOPLIST_FILE = YES;
				INFOPLIST_FILE = PotionsMaster/Info.plist;
				INFOPLIST_KEY_UIApplicationSceneManifest_Generation = YES;
				INFOPLIST_KEY_UIApplicationSupportsIndirectInputEvents = YES;
				INFOPLIST_KEY_UISupportedInterfaceOrientations_iPad = "UIInterfaceOrientationPortrait UIInterfaceOrientationPortraitUpsideDown UIInterfaceOrientationLandscapeLeft UIInterfaceOrientationLandscapeRight";
				INFOPLIST_KEY_UISupportedInterfaceOrientations_iPhone = "UIInterfaceOrientationPortrait UIInterfaceOrientationLandscapeLeft UIInterfaceOrientationLandscapeRight";
				IPHONEOS_DEPLOYMENT_TARGET = 17.0;
				LD_RUNPATH_SEARCH_PATHS = (
					"$(inherited)",
					"@executable_path/Frameworks",
				);
				MARKETING_VERSION = 1.0;
				PRODUCT_BUNDLE_IDENTIFIER = com.christopherbell.PotionsMaster;
				PRODUCT_NAME = "$(TARGET_NAME)";
				SWIFT_EMIT_LOC_STRINGS = YES;
				SWIFT_VERSION = 5.0;
				TARGETED_DEVICE_FAMILY = "1,2";
			};
			name = Release;
		};
/* End XCBuildConfiguration section */

/* Begin XCConfigurationList section */
		891C48782B7986CF00840685 /* Build configuration list for PBXProject "PotionsMaster" */ = {
			isa = XCConfigurationList;
			buildConfigurations = (
				891C48892B7986D000840685 /* Debug */,
				891C488A2B7986D000840685 /* Release */,
			);
			defaultConfigurationIsVisible = 0;
			defaultConfigurationName = Release;
		};
		891C488B2B7986D000840685 /* Build configuration list for PBXNativeTarget "PotionsMaster" */ = {
			isa = XCConfigurationList;
			buildConfigurations = (
				891C488C2B7986D000840685 /* Debug */,
				891C488D2B7986D000840685 /* Release */,
			);
			defaultConfigurationIsVisible = 0;
			defaultConfigurationName = Release;
		};
/* End XCConfigurationList section */
	};
	rootObject = 891C48752B7986CF00840685 /* Project object */;
}
